PODS:
  - AEXML (4.0.1)
  - Alamofire (4.2.0)
  - SwiftHEXColors (1.1.0)

DEPENDENCIES:
  - AEXML
  - Alamofire
  - SwiftHEXColors

SPEC CHECKSUMS:
  AEXML: 905e50474c0a261d335aa8be4ee32d22d69b6fd5
  Alamofire: aa2e09d871c9160ac53c90e83c68064a94e3dfbe
  SwiftHEXColors: 8f7e364df7929e32cff9f9eeb044bb215167d6be

PODFILE CHECKSUM: 226cf1d3b6157aec8e0dca08c080870587db97f4

COCOAPODS: 1.0.1
