// !$*UTF8*$!
{
	archiveVersion = 1;
	classes = {
	};
	objectVersion = 46;
	objects = {

/* Begin PBXBuildFile section */
		324CE8911A79379E00C45082 /* RikslunchenParser.swift in Sources */ = {isa = PBXBuildFile; fileRef = 324CE8901A79379E00C45082 /* RikslunchenParser.swift */; };
		32660AAC1A80CF1C00FFCA14 /* TransactionsViewController.swift in Sources */ = {isa = PBXBuildFile; fileRef = 32660AAB1A80CF1C00FFCA14 /* TransactionsViewController.swift */; };
		326BECAC1A71330900A2C5AF /* SettingsViewController.swift in Sources */ = {isa = PBXBuildFile; fileRef = 326BECAB1A71330900A2C5AF /* SettingsViewController.swift */; };
		32778FD71A70FA50001C5E60 /* Router.swift in Sources */ = {isa = PBXBuildFile; fileRef = 32778FD61A70FA50001C5E60 /* Router.swift */; };
		328EB4981A6FAB1E00846F38 /* AppDelegate.swift in Sources */ = {isa = PBXBuildFile; fileRef = 328EB4971A6FAB1E00846F38 /* AppDelegate.swift */; };
		328EB49A1A6FAB1E00846F38 /* BalanceViewController.swift in Sources */ = {isa = PBXBuildFile; fileRef = 328EB4991A6FAB1E00846F38 /* BalanceViewController.swift */; };
		328EB49D1A6FAB1E00846F38 /* Main.storyboard in Resources */ = {isa = PBXBuildFile; fileRef = 328EB49B1A6FAB1E00846F38 /* Main.storyboard */; };
		328EB49F1A6FAB1E00846F38 /* Images.xcassets in Resources */ = {isa = PBXBuildFile; fileRef = 328EB49E1A6FAB1E00846F38 /* Images.xcassets */; };
		328EB4A21A6FAB1E00846F38 /* LaunchScreen.xib in Resources */ = {isa = PBXBuildFile; fileRef = 328EB4A01A6FAB1E00846F38 /* LaunchScreen.xib */; };
		328EB4AE1A6FAB1E00846F38 /* LunchSaldoTests.swift in Sources */ = {isa = PBXBuildFile; fileRef = 328EB4AD1A6FAB1E00846F38 /* LunchSaldoTests.swift */; };
		3293C5661A7257AE004E2CC5 /* Constants.swift in Sources */ = {isa = PBXBuildFile; fileRef = 3293C5651A7257AE004E2CC5 /* Constants.swift */; };
		32DA03121A7A5E5B007FE1C9 /* AddCardholderViewController.swift in Sources */ = {isa = PBXBuildFile; fileRef = 32DA03111A7A5E5B007FE1C9 /* AddCardholderViewController.swift */; };
		DBF7FAAAC74E4B0079DF1FCB /* Pods.framework in Frameworks */ = {isa = PBXBuildFile; fileRef = 3B2A9E7EF778C10F34135C8B /* Pods.framework */; };
/* End PBXBuildFile section */

/* Begin PBXContainerItemProxy section */
		328EB4A81A6FAB1E00846F38 /* PBXContainerItemProxy */ = {
			isa = PBXContainerItemProxy;
			containerPortal = 328EB48A1A6FAB1E00846F38 /* Project object */;
			proxyType = 1;
			remoteGlobalIDString = 328EB4911A6FAB1E00846F38;
			remoteInfo = LunchSaldo;
		};
/* End PBXContainerItemProxy section */

/* Begin PBXFileReference section */
		324CE8901A79379E00C45082 /* RikslunchenParser.swift */ = {isa = PBXFileReference; fileEncoding = 4; lastKnownFileType = sourcecode.swift; path = RikslunchenParser.swift; sourceTree = "<group>"; };
		32660AAB1A80CF1C00FFCA14 /* TransactionsViewController.swift */ = {isa = PBXFileReference; fileEncoding = 4; lastKnownFileType = sourcecode.swift; path = TransactionsViewController.swift; sourceTree = "<group>"; };
		326BECAB1A71330900A2C5AF /* SettingsViewController.swift */ = {isa = PBXFileReference; fileEncoding = 4; lastKnownFileType = sourcecode.swift; path = SettingsViewController.swift; sourceTree = "<group>"; };
		32778FD61A70FA50001C5E60 /* Router.swift */ = {isa = PBXFileReference; fileEncoding = 4; lastKnownFileType = sourcecode.swift; path = Router.swift; sourceTree = "<group>"; };
		328EB4921A6FAB1E00846F38 /* LunchSaldo.app */ = {isa = PBXFileReference; explicitFileType = wrapper.application; includeInIndex = 0; path = LunchSaldo.app; sourceTree = BUILT_PRODUCTS_DIR; };
		328EB4961A6FAB1E00846F38 /* Info.plist */ = {isa = PBXFileReference; lastKnownFileType = text.plist.xml; path = Info.plist; sourceTree = "<group>"; };
		328EB4971A6FAB1E00846F38 /* AppDelegate.swift */ = {isa = PBXFileReference; lastKnownFileType = sourcecode.swift; path = AppDelegate.swift; sourceTree = "<group>"; };
		328EB4991A6FAB1E00846F38 /* BalanceViewController.swift */ = {isa = PBXFileReference; lastKnownFileType = sourcecode.swift; path = BalanceViewController.swift; sourceTree = "<group>"; };
		328EB49C1A6FAB1E00846F38 /* Base */ = {isa = PBXFileReference; lastKnownFileType = file.storyboard; name = Base; path = Base.lproj/Main.storyboard; sourceTree = "<group>"; };
		328EB49E1A6FAB1E00846F38 /* Images.xcassets */ = {isa = PBXFileReference; lastKnownFileType = folder.assetcatalog; path = Images.xcassets; sourceTree = "<group>"; };
		328EB4A11A6FAB1E00846F38 /* Base */ = {isa = PBXFileReference; lastKnownFileType = file.xib; name = Base; path = Base.lproj/LaunchScreen.xib; sourceTree = "<group>"; };
		328EB4A71A6FAB1E00846F38 /* LunchSaldoTests.xctest */ = {isa = PBXFileReference; explicitFileType = wrapper.cfbundle; includeInIndex = 0; path = LunchSaldoTests.xctest; sourceTree = BUILT_PRODUCTS_DIR; };
		328EB4AC1A6FAB1E00846F38 /* Info.plist */ = {isa = PBXFileReference; lastKnownFileType = text.plist.xml; path = Info.plist; sourceTree = "<group>"; };
		328EB4AD1A6FAB1E00846F38 /* LunchSaldoTests.swift */ = {isa = PBXFileReference; lastKnownFileType = sourcecode.swift; path = LunchSaldoTests.swift; sourceTree = "<group>"; };
		3293C5651A7257AE004E2CC5 /* Constants.swift */ = {isa = PBXFileReference; fileEncoding = 4; lastKnownFileType = sourcecode.swift; path = Constants.swift; sourceTree = "<group>"; };
		32DA03111A7A5E5B007FE1C9 /* AddCardholderViewController.swift */ = {isa = PBXFileReference; fileEncoding = 4; lastKnownFileType = sourcecode.swift; path = AddCardholderViewController.swift; sourceTree = "<group>"; };
		3B2A9E7EF778C10F34135C8B /* Pods.framework */ = {isa = PBXFileReference; explicitFileType = wrapper.framework; includeInIndex = 0; path = Pods.framework; sourceTree = BUILT_PRODUCTS_DIR; };
		DC9A1BADF7CA48DA07172ECA /* Pods.debug.xcconfig */ = {isa = PBXFileReference; includeInIndex = 1; lastKnownFileType = text.xcconfig; name = Pods.debug.xcconfig; path = "Pods/Target Support Files/Pods/Pods.debug.xcconfig"; sourceTree = "<group>"; };
		E0FDD59123DDDB21F1F6F5D5 /* Pods.release.xcconfig */ = {isa = PBXFileReference; includeInIndex = 1; lastKnownFileType = text.xcconfig; name = Pods.release.xcconfig; path = "Pods/Target Support Files/Pods/Pods.release.xcconfig"; sourceTree = "<group>"; };
/* End PBXFileReference section */

/* Begin PBXFrameworksBuildPhase section */
		328EB48F1A6FAB1E00846F38 /* Frameworks */ = {
			isa = PBXFrameworksBuildPhase;
			buildActionMask = 2147483647;
			files = (
				DBF7FAAAC74E4B0079DF1FCB /* Pods.framework in Frameworks */,
			);
			runOnlyForDeploymentPostprocessing = 0;
		};
		328EB4A41A6FAB1E00846F38 /* Frameworks */ = {
			isa = PBXFrameworksBuildPhase;
			buildActionMask = 2147483647;
			files = (
			);
			runOnlyForDeploymentPostprocessing = 0;
		};
/* End PBXFrameworksBuildPhase section */

/* Begin PBXGroup section */
		328EB4891A6FAB1E00846F38 = {
			isa = PBXGroup;
			children = (
				328EB4941A6FAB1E00846F38 /* LunchSaldo */,
				328EB4AA1A6FAB1E00846F38 /* LunchSaldoTests */,
				328EB4931A6FAB1E00846F38 /* Products */,
				D43139DD2954C3CCD993F751 /* Pods */,
				F2B155A20E170D0882D075E0 /* Frameworks */,
			);
			indentWidth = 2;
			sourceTree = "<group>";
			tabWidth = 2;
		};
		328EB4931A6FAB1E00846F38 /* Products */ = {
			isa = PBXGroup;
			children = (
				328EB4921A6FAB1E00846F38 /* LunchSaldo.app */,
				328EB4A71A6FAB1E00846F38 /* LunchSaldoTests.xctest */,
			);
			name = Products;
			sourceTree = "<group>";
		};
		328EB4941A6FAB1E00846F38 /* LunchSaldo */ = {
			isa = PBXGroup;
			children = (
				3293C5651A7257AE004E2CC5 /* Constants.swift */,
				32778FD61A70FA50001C5E60 /* Router.swift */,
				324CE8901A79379E00C45082 /* RikslunchenParser.swift */,
				328EB4991A6FAB1E00846F38 /* BalanceViewController.swift */,
				32DA03111A7A5E5B007FE1C9 /* AddCardholderViewController.swift */,
				32660AAB1A80CF1C00FFCA14 /* TransactionsViewController.swift */,
				326BECAB1A71330900A2C5AF /* SettingsViewController.swift */,
				328EB49B1A6FAB1E00846F38 /* Main.storyboard */,
				328EB4951A6FAB1E00846F38 /* Supporting Files */,
			);
			path = LunchSaldo;
			sourceTree = "<group>";
		};
		328EB4951A6FAB1E00846F38 /* Supporting Files */ = {
			isa = PBXGroup;
			children = (
				328EB4971A6FAB1E00846F38 /* AppDelegate.swift */,
				328EB49E1A6FAB1E00846F38 /* Images.xcassets */,
				328EB4A01A6FAB1E00846F38 /* LaunchScreen.xib */,
				328EB4961A6FAB1E00846F38 /* Info.plist */,
			);
			name = "Supporting Files";
			sourceTree = "<group>";
		};
		328EB4AA1A6FAB1E00846F38 /* LunchSaldoTests */ = {
			isa = PBXGroup;
			children = (
				328EB4AD1A6FAB1E00846F38 /* LunchSaldoTests.swift */,
				328EB4AB1A6FAB1E00846F38 /* Supporting Files */,
			);
			path = LunchSaldoTests;
			sourceTree = "<group>";
		};
		328EB4AB1A6FAB1E00846F38 /* Supporting Files */ = {
			isa = PBXGroup;
			children = (
				328EB4AC1A6FAB1E00846F38 /* Info.plist */,
			);
			name = "Supporting Files";
			sourceTree = "<group>";
		};
		D43139DD2954C3CCD993F751 /* Pods */ = {
			isa = PBXGroup;
			children = (
				DC9A1BADF7CA48DA07172ECA /* Pods.debug.xcconfig */,
				E0FDD59123DDDB21F1F6F5D5 /* Pods.release.xcconfig */,
			);
			name = Pods;
			sourceTree = "<group>";
		};
		F2B155A20E170D0882D075E0 /* Frameworks */ = {
			isa = PBXGroup;
			children = (
				3B2A9E7EF778C10F34135C8B /* Pods.framework */,
			);
			name = Frameworks;
			sourceTree = "<group>";
		};
/* End PBXGroup section */

/* Begin PBXNativeTarget section */
		328EB4911A6FAB1E00846F38 /* LunchSaldo */ = {
			isa = PBXNativeTarget;
			buildConfigurationList = 328EB4B11A6FAB1E00846F38 /* Build configuration list for PBXNativeTarget "LunchSaldo" */;
			buildPhases = (
				D09DEB59BDFAEDCE57FEF792 /* Check Pods Manifest.lock */,
				328EB48E1A6FAB1E00846F38 /* Sources */,
				328EB48F1A6FAB1E00846F38 /* Frameworks */,
				328EB4901A6FAB1E00846F38 /* Resources */,
				3AB080A6A45D3D5AC7C57C77 /* Copy Pods Resources */,
				B822BD3951A3DAEB12A08817 /* Embed Pods Frameworks */,
				324CE88F1A78D78400C45082 /* ShellScript */,
			);
			buildRules = (
			);
			dependencies = (
			);
			name = LunchSaldo;
			productName = LunchSaldo;
			productReference = 328EB4921A6FAB1E00846F38 /* LunchSaldo.app */;
			productType = "com.apple.product-type.application";
		};
		328EB4A61A6FAB1E00846F38 /* LunchSaldoTests */ = {
			isa = PBXNativeTarget;
			buildConfigurationList = 328EB4B41A6FAB1E00846F38 /* Build configuration list for PBXNativeTarget "LunchSaldoTests" */;
			buildPhases = (
				328EB4A31A6FAB1E00846F38 /* Sources */,
				328EB4A41A6FAB1E00846F38 /* Frameworks */,
				328EB4A51A6FAB1E00846F38 /* Resources */,
			);
			buildRules = (
			);
			dependencies = (
				328EB4A91A6FAB1E00846F38 /* PBXTargetDependency */,
			);
			name = LunchSaldoTests;
			productName = LunchSaldoTests;
			productReference = 328EB4A71A6FAB1E00846F38 /* LunchSaldoTests.xctest */;
			productType = "com.apple.product-type.bundle.unit-test";
		};
/* End PBXNativeTarget section */

/* Begin PBXProject section */
		328EB48A1A6FAB1E00846F38 /* Project object */ = {
			isa = PBXProject;
			attributes = {
				LastSwiftMigration = 0710;
				LastSwiftUpdateCheck = 0710;
				LastUpgradeCheck = 0710;
				ORGANIZATIONNAME = "F&B Factory";
				TargetAttributes = {
					328EB4911A6FAB1E00846F38 = {
						CreatedOnToolsVersion = 6.1.1;
						DevelopmentTeam = HUDL9QHPTC;
					};
					328EB4A61A6FAB1E00846F38 = {
						CreatedOnToolsVersion = 6.1.1;
						TestTargetID = 328EB4911A6FAB1E00846F38;
					};
				};
			};
			buildConfigurationList = 328EB48D1A6FAB1E00846F38 /* Build configuration list for PBXProject "LunchSaldo" */;
			compatibilityVersion = "Xcode 3.2";
			developmentRegion = English;
			hasScannedForEncodings = 0;
			knownRegions = (
				en,
				Base,
				sv,
			);
			mainGroup = 328EB4891A6FAB1E00846F38;
			productRefGroup = 328EB4931A6FAB1E00846F38 /* Products */;
			projectDirPath = "";
			projectRoot = "";
			targets = (
				328EB4911A6FAB1E00846F38 /* LunchSaldo */,
				328EB4A61A6FAB1E00846F38 /* LunchSaldoTests */,
			);
		};
/* End PBXProject section */

/* Begin PBXResourcesBuildPhase section */
		328EB4901A6FAB1E00846F38 /* Resources */ = {
			isa = PBXResourcesBuildPhase;
			buildActionMask = 2147483647;
			files = (
				328EB49D1A6FAB1E00846F38 /* Main.storyboard in Resources */,
				328EB4A21A6FAB1E00846F38 /* LaunchScreen.xib in Resources */,
				328EB49F1A6FAB1E00846F38 /* Images.xcassets in Resources */,
			);
			runOnlyForDeploymentPostprocessing = 0;
		};
		328EB4A51A6FAB1E00846F38 /* Resources */ = {
			isa = PBXResourcesBuildPhase;
			buildActionMask = 2147483647;
			files = (
			);
			runOnlyForDeploymentPostprocessing = 0;
		};
/* End PBXResourcesBuildPhase section */

/* Begin PBXShellScriptBuildPhase section */
		324CE88F1A78D78400C45082 /* ShellScript */ = {
			isa = PBXShellScriptBuildPhase;
			buildActionMask = 2147483647;
			files = (
			);
			inputPaths = (
			);
			outputPaths = (
			);
			runOnlyForDeploymentPostprocessing = 0;
			shellPath = /bin/sh;
			shellScript = "branch=$(git rev-parse --abbrev-ref HEAD)\nbuildNumber=$(expr $(git rev-list $branch --count) - $(git rev-list HEAD..$branch --count))\n/usr/libexec/PlistBuddy -c \"Set :CFBundleVersion $buildNumber\" \"${TARGET_BUILD_DIR}/${INFOPLIST_PATH}\"\n/usr/bin/plutil -convert ${INFOPLIST_OUTPUT_FORMAT}1 \"${TARGET_BUILD_DIR}/${INFOPLIST_PATH}\"\n/usr/libexec/PlistBuddy -c \"Set :CFBundleVersion $buildNumber\" \"${DWARF_DSYM_FOLDER_PATH}/${DWARF_DSYM_FILE_NAME}/Contents/Info.plist\"\n\n";
		};
		3AB080A6A45D3D5AC7C57C77 /* Copy Pods Resources */ = {
			isa = PBXShellScriptBuildPhase;
			buildActionMask = 2147483647;
			files = (
			);
			inputPaths = (
			);
			name = "Copy Pods Resources";
			outputPaths = (
			);
			runOnlyForDeploymentPostprocessing = 0;
			shellPath = /bin/sh;
			shellScript = "\"${SRCROOT}/Pods/Target Support Files/Pods/Pods-resources.sh\"\n";
			showEnvVarsInLog = 0;
		};
		B822BD3951A3DAEB12A08817 /* Embed Pods Frameworks */ = {
			isa = PBXShellScriptBuildPhase;
			buildActionMask = 2147483647;
			files = (
			);
			inputPaths = (
			);
			name = "Embed Pods Frameworks";
			outputPaths = (
			);
			runOnlyForDeploymentPostprocessing = 0;
			shellPath = /bin/sh;
			shellScript = "\"${SRCROOT}/Pods/Target Support Files/Pods/Pods-frameworks.sh\"\n";
			showEnvVarsInLog = 0;
		};
		D09DEB59BDFAEDCE57FEF792 /* Check Pods Manifest.lock */ = {
			isa = PBXShellScriptBuildPhase;
			buildActionMask = 2147483647;
			files = (
			);
			inputPaths = (
			);
			name = "Check Pods Manifest.lock";
			outputPaths = (
			);
			runOnlyForDeploymentPostprocessing = 0;
			shellPath = /bin/sh;
			shellScript = "diff \"${PODS_ROOT}/../Podfile.lock\" \"${PODS_ROOT}/Manifest.lock\" > /dev/null\nif [[ $? != 0 ]] ; then\n    cat << EOM\nerror: The sandbox is not in sync with the Podfile.lock. Run 'pod install' or update your CocoaPods installation.\nEOM\n    exit 1\nfi\n";
			showEnvVarsInLog = 0;
		};
/* End PBXShellScriptBuildPhase section */

/* Begin PBXSourcesBuildPhase section */
		328EB48E1A6FAB1E00846F38 /* Sources */ = {
			isa = PBXSourcesBuildPhase;
			buildActionMask = 2147483647;
			files = (
				32778FD71A70FA50001C5E60 /* Router.swift in Sources */,
				32DA03121A7A5E5B007FE1C9 /* AddCardholderViewController.swift in Sources */,
				328EB49A1A6FAB1E00846F38 /* BalanceViewController.swift in Sources */,
				32660AAC1A80CF1C00FFCA14 /* TransactionsViewController.swift in Sources */,
				324CE8911A79379E00C45082 /* RikslunchenParser.swift in Sources */,
				328EB4981A6FAB1E00846F38 /* AppDelegate.swift in Sources */,
				326BECAC1A71330900A2C5AF /* SettingsViewController.swift in Sources */,
				3293C5661A7257AE004E2CC5 /* Constants.swift in Sources */,
			);
			runOnlyForDeploymentPostprocessing = 0;
		};
		328EB4A31A6FAB1E00846F38 /* Sources */ = {
			isa = PBXSourcesBuildPhase;
			buildActionMask = 2147483647;
			files = (
				328EB4AE1A6FAB1E00846F38 /* LunchSaldoTests.swift in Sources */,
			);
			runOnlyForDeploymentPostprocessing = 0;
		};
/* End PBXSourcesBuildPhase section */

/* Begin PBXTargetDependency section */
		328EB4A91A6FAB1E00846F38 /* PBXTargetDependency */ = {
			isa = PBXTargetDependency;
			target = 328EB4911A6FAB1E00846F38 /* LunchSaldo */;
			targetProxy = 328EB4A81A6FAB1E00846F38 /* PBXContainerItemProxy */;
		};
/* End PBXTargetDependency section */

/* Begin PBXVariantGroup section */
		328EB49B1A6FAB1E00846F38 /* Main.storyboard */ = {
			isa = PBXVariantGroup;
			children = (
				328EB49C1A6FAB1E00846F38 /* Base */,
			);
			name = Main.storyboard;
			sourceTree = "<group>";
		};
		328EB4A01A6FAB1E00846F38 /* LaunchScreen.xib */ = {
			isa = PBXVariantGroup;
			children = (
				328EB4A11A6FAB1E00846F38 /* Base */,
			);
			name = LaunchScreen.xib;
			sourceTree = "<group>";
		};
/* End PBXVariantGroup section */

/* Begin XCBuildConfiguration section */
		328EB4AF1A6FAB1E00846F38 /* Debug */ = {
			isa = XCBuildConfiguration;
			buildSettings = {
				ALWAYS_SEARCH_USER_PATHS = NO;
				CLANG_CXX_LANGUAGE_STANDARD = "gnu++0x";
				CLANG_CXX_LIBRARY = "libc++";
				CLANG_ENABLE_MODULES = YES;
				CLANG_ENABLE_OBJC_ARC = YES;
				CLANG_WARN_BOOL_CONVERSION = YES;
				CLANG_WARN_CONSTANT_CONVERSION = YES;
				CLANG_WARN_DIRECT_OBJC_ISA_USAGE = YES_ERROR;
				CLANG_WARN_EMPTY_BODY = YES;
				CLANG_WARN_ENUM_CONVERSION = YES;
				CLANG_WARN_INT_CONVERSION = YES;
				CLANG_WARN_OBJC_ROOT_CLASS = YES_ERROR;
				CLANG_WARN_UNREACHABLE_CODE = YES;
				CLANG_WARN__DUPLICATE_METHOD_MATCH = YES;
				CODE_SIGN_IDENTITY = "iPhone Developer";
				"CODE_SIGN_IDENTITY[sdk=iphoneos*]" = "iPhone Developer";
				COPY_PHASE_STRIP = NO;
				ENABLE_STRICT_OBJC_MSGSEND = YES;
				ENABLE_TESTABILITY = YES;
				GCC_C_LANGUAGE_STANDARD = gnu99;
				GCC_DYNAMIC_NO_PIC = NO;
				GCC_OPTIMIZATION_LEVEL = 0;
				GCC_PREPROCESSOR_DEFINITIONS = (
					"DEBUG=1",
					"$(inherited)",
				);
				GCC_SYMBOLS_PRIVATE_EXTERN = NO;
				GCC_WARN_64_TO_32_BIT_CONVERSION = YES;
				GCC_WARN_ABOUT_RETURN_TYPE = YES_ERROR;
				GCC_WARN_UNDECLARED_SELECTOR = YES;
				GCC_WARN_UNINITIALIZED_AUTOS = YES_AGGRESSIVE;
				GCC_WARN_UNUSED_FUNCTION = YES;
				GCC_WARN_UNUSED_VARIABLE = YES;
				IPHONEOS_DEPLOYMENT_TARGET = 8.0;
				MTL_ENABLE_DEBUG_INFO = YES;
				ONLY_ACTIVE_ARCH = YES;
				SDKROOT = iphoneos;
				SWIFT_OPTIMIZATION_LEVEL = "-Onone";
				TARGETED_DEVICE_FAMILY = "1,2";
			};
			name = Debug;
		};
		328EB4B01A6FAB1E00846F38 /* Release */ = {
			isa = XCBuildConfiguration;
			buildSettings = {
				ALWAYS_SEARCH_USER_PATHS = NO;
				CLANG_CXX_LANGUAGE_STANDARD = "gnu++0x";
				CLANG_CXX_LIBRARY = "libc++";
				CLANG_ENABLE_MODULES = YES;
				CLANG_ENABLE_OBJC_ARC = YES;
				CLANG_WARN_BOOL_CONVERSION = YES;
				CLANG_WARN_CONSTANT_CONVERSION = YES;
				CLANG_WARN_DIRECT_OBJC_ISA_USAGE = YES_ERROR;
				CLANG_WARN_EMPTY_BODY = YES;
				CLANG_WARN_ENUM_CONVERSION = YES;
				CLANG_WARN_INT_CONVERSION = YES;
				CLANG_WARN_OBJC_ROOT_CLASS = YES_ERROR;
				CLANG_WARN_UNREACHABLE_CODE = YES;
				CLANG_WARN__DUPLICATE_METHOD_MATCH = YES;
				CODE_SIGN_IDENTITY = "iPhone Distribution";
				"CODE_SIGN_IDENTITY[sdk=iphoneos*]" = "iPhone Distribution";
				COPY_PHASE_STRIP = YES;
				ENABLE_NS_ASSERTIONS = NO;
				ENABLE_STRICT_OBJC_MSGSEND = YES;
				GCC_C_LANGUAGE_STANDARD = gnu99;
				GCC_WARN_64_TO_32_BIT_CONVERSION = YES;
				GCC_WARN_ABOUT_RETURN_TYPE = YES_ERROR;
				GCC_WARN_UNDECLARED_SELECTOR = YES;
				GCC_WARN_UNINITIALIZED_AUTOS = YES_AGGRESSIVE;
				GCC_WARN_UNUSED_FUNCTION = YES;
				GCC_WARN_UNUSED_VARIABLE = YES;
				IPHONEOS_DEPLOYMENT_TARGET = 8.0;
				MTL_ENABLE_DEBUG_INFO = NO;
				SDKROOT = iphoneos;
				TARGETED_DEVICE_FAMILY = "1,2";
				VALIDATE_PRODUCT = YES;
			};
			name = Release;
		};
		328EB4B21A6FAB1E00846F38 /* Debug */ = {
			isa = XCBuildConfiguration;
			baseConfigurationReference = DC9A1BADF7CA48DA07172ECA /* Pods.debug.xcconfig */;
			buildSettings = {
				ASSETCATALOG_COMPILER_APPICON_NAME = AppIcon;
				CODE_SIGN_IDENTITY = "iPhone Developer";
				INFOPLIST_FILE = LunchSaldo/Info.plist;
				IPHONEOS_DEPLOYMENT_TARGET = 8.0;
				LD_RUNPATH_SEARCH_PATHS = "$(inherited) @executable_path/Frameworks";
				PRODUCT_BUNDLE_IDENTIFIER = "se.fb.factory.$(PRODUCT_NAME:rfc1034identifier)";
				PRODUCT_NAME = "$(TARGET_NAME)";
			};
			name = Debug;
		};
		328EB4B31A6FAB1E00846F38 /* Release */ = {
			isa = XCBuildConfiguration;
			baseConfigurationReference = E0FDD59123DDDB21F1F6F5D5 /* Pods.release.xcconfig */;
			buildSettings = {
				ASSETCATALOG_COMPILER_APPICON_NAME = AppIcon;
				CODE_SIGN_IDENTITY = "iPhone Developer";
				INFOPLIST_FILE = LunchSaldo/Info.plist;
				IPHONEOS_DEPLOYMENT_TARGET = 8.0;
				LD_RUNPATH_SEARCH_PATHS = "$(inherited) @executable_path/Frameworks";
				PRODUCT_BUNDLE_IDENTIFIER = "se.fb.factory.$(PRODUCT_NAME:rfc1034identifier)";
				PRODUCT_NAME = "$(TARGET_NAME)";
			};
			name = Release;
		};
		328EB4B51A6FAB1E00846F38 /* Debug */ = {
			isa = XCBuildConfiguration;
			buildSettings = {
				BUNDLE_LOADER = "$(TEST_HOST)";
				FRAMEWORK_SEARCH_PATHS = (
					"$(SDKROOT)/Developer/Library/Frameworks",
					"$(inherited)",
				);
				GCC_PREPROCESSOR_DEFINITIONS = (
					"DEBUG=1",
					"$(inherited)",
				);
				INFOPLIST_FILE = LunchSaldoTests/Info.plist;
				LD_RUNPATH_SEARCH_PATHS = "$(inherited) @executable_path/Frameworks @loader_path/Frameworks";
				PRODUCT_BUNDLE_IDENTIFIER = "se.fbfactory.$(PRODUCT_NAME:rfc1034identifier)";
				PRODUCT_NAME = "$(TARGET_NAME)";
				TEST_HOST = "$(BUILT_PRODUCTS_DIR)/LunchSaldo.app/LunchSaldo";
			};
			name = Debug;
		};
		328EB4B61A6FAB1E00846F38 /* Release */ = {
			isa = XCBuildConfiguration;
			buildSettings = {
				BUNDLE_LOADER = "$(TEST_HOST)";
				FRAMEWORK_SEARCH_PATHS = (
					"$(SDKROOT)/Developer/Library/Frameworks",
					"$(inherited)",
				);
				INFOPLIST_FILE = LunchSaldoTests/Info.plist;
				LD_RUNPATH_SEARCH_PATHS = "$(inherited) @executable_path/Frameworks @loader_path/Frameworks";
				PRODUCT_BUNDLE_IDENTIFIER = "se.fbfactory.$(PRODUCT_NAME:rfc1034identifier)";
				PRODUCT_NAME = "$(TARGET_NAME)";
				TEST_HOST = "$(BUILT_PRODUCTS_DIR)/LunchSaldo.app/LunchSaldo";
			};
			name = Release;
		};
/* End XCBuildConfiguration section */

/* Begin XCConfigurationList section */
		328EB48D1A6FAB1E00846F38 /* Build configuration list for PBXProject "LunchSaldo" */ = {
			isa = XCConfigurationList;
			buildConfigurations = (
				328EB4AF1A6FAB1E00846F38 /* Debug */,
				328EB4B01A6FAB1E00846F38 /* Release */,
			);
			defaultConfigurationIsVisible = 0;
			defaultConfigurationName = Release;
		};
		328EB4B11A6FAB1E00846F38 /* Build configuration list for PBXNativeTarget "LunchSaldo" */ = {
			isa = XCConfigurationList;
			buildConfigurations = (
				328EB4B21A6FAB1E00846F38 /* Debug */,
				328EB4B31A6FAB1E00846F38 /* Release */,
			);
			defaultConfigurationIsVisible = 0;
			defaultConfigurationName = Release;
		};
		328EB4B41A6FAB1E00846F38 /* Build configuration list for PBXNativeTarget "LunchSaldoTests" */ = {
			isa = XCConfigurationList;
			buildConfigurations = (
				328EB4B51A6FAB1E00846F38 /* Debug */,
				328EB4B61A6FAB1E00846F38 /* Release */,
			);
			defaultConfigurationIsVisible = 0;
			defaultConfigurationName = Release;
		};
/* End XCConfigurationList section */
	};
	rootObject = 328EB48A1A6FAB1E00846F38 /* Project object */;
}
